
Microsoft Visual Studio Solution File, Format Version 12.00
# Visual Studio Version 17
VisualStudioVersion = 17.4.33213.308
MinimumVisualStudioVersion = 10.0.40219.1
Project("{FAE04EC0-301F-11D3-BF4B-00C04F79EFBC}") = "RedisAPI", "RedisAPI\RedisAPI.csproj", "{E9AB71AA-3BE6-4800-A4AE-C73B8F33DAAC}"
EndProject
Global
	GlobalSection(SolutionConfigurationPlatforms) = preSolution
		Debug|Any CPU = Debug|Any CPU
		Release|Any CPU = Release|Any CPU
	EndGlobalSection
	GlobalSection(ProjectConfigurationPlatforms) = postSolution
		{E9AB71AA-3BE6-4800-A4AE-C73B8F33DAAC}.Debug|Any CPU.ActiveCfg = Debug|Any CPU
		{E9AB71AA-3BE6-4800-A4AE-C73B8F33DAAC}.Debug|Any CPU.Build.0 = Debug|Any CPU
		{E9AB71AA-3BE6-4800-A4AE-C73B8F33DAAC}.Release|Any CPU.ActiveCfg = Release|Any CPU
		{E9AB71AA-3BE6-4800-A4AE-C73B8F33DAAC}.Release|Any CPU.Build.0 = Release|Any CPU
	EndGlobalSection
	GlobalSection(SolutionProperties) = preSolution
		HideSolutionNode = FALSE
	EndGlobalSection
	GlobalSection(ExtensibilityGlobals) = postSolution
		SolutionGuid = {C9D24D30-9680-43C5-B431-706A0C027AA7}
	EndGlobalSection
EndGlobal
